
Microsoft Visual Studio Solution File, Format Version 12.00
# Visual Studio Version 16
VisualStudioVersion = 16.0.28922.388
MinimumVisualStudioVersion = 10.0.40219.1
Project("{9A19103F-16F7-4668-BE54-9A1E7A4F7556}") = "Unitfly.MFiles.DevTools.Common", "Unitfly.MFiles.DevTools.Common\Unitfly.MFiles.DevTools.Common.csproj", "{F6A5AAA1-6828-4991-A356-86E756823A0D}"
EndProject
Project("{9A19103F-16F7-4668-BE54-9A1E7A4F7556}") = "Unitfly.MFiles.DevTools.AliasUpdate", "Unitfly.MFiles.DevTools.AliasUpdate\Unitfly.MFiles.DevTools.AliasUpdate.csproj", "{FED56F48-3EF5-41B2-B933-4673075FDDC6}"
EndProject
Project("{FAE04EC0-301F-11D3-BF4B-00C04F79EFBC}") = "Unitfly.MFiles.DevTools.AliasUpdate.App", "Unitfly.MFiles.DevTools.AliasUpdate.App\Unitfly.MFiles.DevTools.AliasUpdate.App.csproj", "{5088BDA4-B2D1-4E15-A150-C8549D267314}"
EndProject
Project("{9A19103F-16F7-4668-BE54-9A1E7A4F7556}") = "Unitfly.MFiles.DevTools.Common.Tests", "Unitfly.MFiles.DevTools.Common.Tests\Unitfly.MFiles.DevTools.Common.Tests.csproj", "{C5369430-923C-49B0-AF27-7D9167A3130B}"
EndProject
Project("{9A19103F-16F7-4668-BE54-9A1E7A4F7556}") = "Unitfly.MFiles.DevTools.SqlGenerator", "Unitfly.MFiles.DevTools.SqlGenerator\Unitfly.MFiles.DevTools.SqlGenerator.csproj", "{F5CB7792-7DF3-490F-AC93-EE49D49E2450}"
EndProject
Project("{FAE04EC0-301F-11D3-BF4B-00C04F79EFBC}") = "Unitfly.MFiles.DevTools.SqlGenerator.App", "Unitfly.MFiles.DevTools.SqlGenerator.App\Unitfly.MFiles.DevTools.SqlGenerator.App.csproj", "{115C14DA-4BE3-4FE2-BC57-A59F8FBF2418}"
EndProject
Global
	GlobalSection(SolutionConfigurationPlatforms) = preSolution
		Debug|Any CPU = Debug|Any CPU
		Release|Any CPU = Release|Any CPU
	EndGlobalSection
	GlobalSection(ProjectConfigurationPlatforms) = postSolution
		{F6A5AAA1-6828-4991-A356-86E756823A0D}.Debug|Any CPU.ActiveCfg = Debug|Any CPU
		{F6A5AAA1-6828-4991-A356-86E756823A0D}.Debug|Any CPU.Build.0 = Debug|Any CPU
		{F6A5AAA1-6828-4991-A356-86E756823A0D}.Release|Any CPU.ActiveCfg = Release|Any CPU
		{F6A5AAA1-6828-4991-A356-86E756823A0D}.Release|Any CPU.Build.0 = Release|Any CPU
		{FED56F48-3EF5-41B2-B933-4673075FDDC6}.Debug|Any CPU.ActiveCfg = Debug|Any CPU
		{FED56F48-3EF5-41B2-B933-4673075FDDC6}.Debug|Any CPU.Build.0 = Debug|Any CPU
		{FED56F48-3EF5-41B2-B933-4673075FDDC6}.Release|Any CPU.ActiveCfg = Release|Any CPU
		{FED56F48-3EF5-41B2-B933-4673075FDDC6}.Release|Any CPU.Build.0 = Release|Any CPU
		{5088BDA4-B2D1-4E15-A150-C8549D267314}.Debug|Any CPU.ActiveCfg = Debug|Any CPU
		{5088BDA4-B2D1-4E15-A150-C8549D267314}.Debug|Any CPU.Build.0 = Debug|Any CPU
		{5088BDA4-B2D1-4E15-A150-C8549D267314}.Release|Any CPU.ActiveCfg = Release|Any CPU
		{5088BDA4-B2D1-4E15-A150-C8549D267314}.Release|Any CPU.Build.0 = Release|Any CPU
		{C5369430-923C-49B0-AF27-7D9167A3130B}.Debug|Any CPU.ActiveCfg = Debug|Any CPU
		{C5369430-923C-49B0-AF27-7D9167A3130B}.Debug|Any CPU.Build.0 = Debug|Any CPU
		{C5369430-923C-49B0-AF27-7D9167A3130B}.Release|Any CPU.ActiveCfg = Release|Any CPU
		{C5369430-923C-49B0-AF27-7D9167A3130B}.Release|Any CPU.Build.0 = Release|Any CPU
		{F5CB7792-7DF3-490F-AC93-EE49D49E2450}.Debug|Any CPU.ActiveCfg = Debug|Any CPU
		{F5CB7792-7DF3-490F-AC93-EE49D49E2450}.Debug|Any CPU.Build.0 = Debug|Any CPU
		{F5CB7792-7DF3-490F-AC93-EE49D49E2450}.Release|Any CPU.ActiveCfg = Release|Any CPU
		{F5CB7792-7DF3-490F-AC93-EE49D49E2450}.Release|Any CPU.Build.0 = Release|Any CPU
		{115C14DA-4BE3-4FE2-BC57-A59F8FBF2418}.Debug|Any CPU.ActiveCfg = Debug|Any CPU
		{115C14DA-4BE3-4FE2-BC57-A59F8FBF2418}.Debug|Any CPU.Build.0 = Debug|Any CPU
		{115C14DA-4BE3-4FE2-BC57-A59F8FBF2418}.Release|Any CPU.ActiveCfg = Release|Any CPU
		{115C14DA-4BE3-4FE2-BC57-A59F8FBF2418}.Release|Any CPU.Build.0 = Release|Any CPU
	EndGlobalSection
	GlobalSection(SolutionProperties) = preSolution
		HideSolutionNode = FALSE
	EndGlobalSection
	GlobalSection(ExtensibilityGlobals) = postSolution
		SolutionGuid = {8CF141F8-7828-4F03-9740-D32F95B7DDF5}
	EndGlobalSection
EndGlobal
