
Microsoft Visual Studio Solution File, Format Version 12.00
# Visual Studio Version 16
VisualStudioVersion = 16.0.28922.388
MinimumVisualStudioVersion = 10.0.40219.1
Project("{FAE04EC0-301F-11D3-BF4B-00C04F79EFBC}") = "Unitfly.MFiles.DevTools", "Unitfly.MFiles.DevTools\Unitfly.MFiles.DevTools.csproj", "{F6A5AAA1-6828-4991-A356-86E756823A0D}"
EndProject
Global
	GlobalSection(SolutionConfigurationPlatforms) = preSolution
		Debug|Any CPU = Debug|Any CPU
		Release|Any CPU = Release|Any CPU
	EndGlobalSection
	GlobalSection(ProjectConfigurationPlatforms) = postSolution
		{F6A5AAA1-6828-4991-A356-86E756823A0D}.Debug|Any CPU.ActiveCfg = Debug|Any CPU
		{F6A5AAA1-6828-4991-A356-86E756823A0D}.Debug|Any CPU.Build.0 = Debug|Any CPU
		{F6A5AAA1-6828-4991-A356-86E756823A0D}.Release|Any CPU.ActiveCfg = Release|Any CPU
		{F6A5AAA1-6828-4991-A356-86E756823A0D}.Release|Any CPU.Build.0 = Release|Any CPU
	EndGlobalSection
	GlobalSection(SolutionProperties) = preSolution
		HideSolutionNode = FALSE
	EndGlobalSection
	GlobalSection(ExtensibilityGlobals) = postSolution
		SolutionGuid = {8CF141F8-7828-4F03-9740-D32F95B7DDF5}
	EndGlobalSection
EndGlobal
